
Microsoft Visual Studio Solution File, Format Version 12.00
# Visual Studio 15
VisualStudioVersion = 15.0.28010.2003
MinimumVisualStudioVersion = 10.0.40219.1
Project("{9A19103F-16F7-4668-BE54-9A1E7A4F7556}") = "NasaPhotoReader", "NasaPhotoReader\NasaPhotoReader.csproj", "{4767756D-4700-4B6F-90E1-234F13E1076D}"
EndProject
Project("{9A19103F-16F7-4668-BE54-9A1E7A4F7556}") = "NasaPhotos.Models", "NasaPhotos.Models\NasaPhotos.Models.csproj", "{877CFF7C-4F2C-41DB-8329-8A4835667BEE}"
EndProject
Project("{9A19103F-16F7-4668-BE54-9A1E7A4F7556}") = "NasaPhotoReader.Tests", "NasaPhotoReader.Tests\NasaPhotoReader.Tests.csproj", "{95D1684E-E371-4718-A425-8B1CAA398B7A}"
EndProject
Project("{FAE04EC0-301F-11D3-BF4B-00C04F79EFBC}") = "NasaPhotoReader.Utilities", "NasaPhotoReader.Utilities\NasaPhotoReader.Utilities.csproj", "{D435F101-411A-42A9-8C22-35A6B6AFE364}"
EndProject
Project("{FAE04EC0-301F-11D3-BF4B-00C04F79EFBC}") = "NasaPhotoReader.Web", "NasaPhotoReader.Web\NasaPhotoReader.Web.csproj", "{6893C77C-2BBB-4FD0-9188-0B944657A86E}"
EndProject
Project("{E53339B2-1760-4266-BCC7-CA923CBCF16C}") = "docker-compose", "docker-compose.dcproj", "{DAF65FDB-D612-4D84-A326-D29D769A9154}"
EndProject
Global
	GlobalSection(SolutionConfigurationPlatforms) = preSolution
		Debug|Any CPU = Debug|Any CPU
		Release|Any CPU = Release|Any CPU
	EndGlobalSection
	GlobalSection(ProjectConfigurationPlatforms) = postSolution
		{4767756D-4700-4B6F-90E1-234F13E1076D}.Debug|Any CPU.ActiveCfg = Debug|Any CPU
		{4767756D-4700-4B6F-90E1-234F13E1076D}.Debug|Any CPU.Build.0 = Debug|Any CPU
		{4767756D-4700-4B6F-90E1-234F13E1076D}.Release|Any CPU.ActiveCfg = Release|Any CPU
		{4767756D-4700-4B6F-90E1-234F13E1076D}.Release|Any CPU.Build.0 = Release|Any CPU
		{877CFF7C-4F2C-41DB-8329-8A4835667BEE}.Debug|Any CPU.ActiveCfg = Debug|Any CPU
		{877CFF7C-4F2C-41DB-8329-8A4835667BEE}.Debug|Any CPU.Build.0 = Debug|Any CPU
		{877CFF7C-4F2C-41DB-8329-8A4835667BEE}.Release|Any CPU.ActiveCfg = Release|Any CPU
		{877CFF7C-4F2C-41DB-8329-8A4835667BEE}.Release|Any CPU.Build.0 = Release|Any CPU
		{95D1684E-E371-4718-A425-8B1CAA398B7A}.Debug|Any CPU.ActiveCfg = Debug|Any CPU
		{95D1684E-E371-4718-A425-8B1CAA398B7A}.Debug|Any CPU.Build.0 = Debug|Any CPU
		{95D1684E-E371-4718-A425-8B1CAA398B7A}.Release|Any CPU.ActiveCfg = Release|Any CPU
		{95D1684E-E371-4718-A425-8B1CAA398B7A}.Release|Any CPU.Build.0 = Release|Any CPU
		{D435F101-411A-42A9-8C22-35A6B6AFE364}.Debug|Any CPU.ActiveCfg = Debug|Any CPU
		{D435F101-411A-42A9-8C22-35A6B6AFE364}.Debug|Any CPU.Build.0 = Debug|Any CPU
		{D435F101-411A-42A9-8C22-35A6B6AFE364}.Release|Any CPU.ActiveCfg = Release|Any CPU
		{D435F101-411A-42A9-8C22-35A6B6AFE364}.Release|Any CPU.Build.0 = Release|Any CPU
		{6893C77C-2BBB-4FD0-9188-0B944657A86E}.Debug|Any CPU.ActiveCfg = Debug|Any CPU
		{6893C77C-2BBB-4FD0-9188-0B944657A86E}.Debug|Any CPU.Build.0 = Debug|Any CPU
		{6893C77C-2BBB-4FD0-9188-0B944657A86E}.Release|Any CPU.ActiveCfg = Release|Any CPU
		{6893C77C-2BBB-4FD0-9188-0B944657A86E}.Release|Any CPU.Build.0 = Release|Any CPU
		{DAF65FDB-D612-4D84-A326-D29D769A9154}.Debug|Any CPU.ActiveCfg = Debug|Any CPU
		{DAF65FDB-D612-4D84-A326-D29D769A9154}.Debug|Any CPU.Build.0 = Debug|Any CPU
		{DAF65FDB-D612-4D84-A326-D29D769A9154}.Release|Any CPU.ActiveCfg = Release|Any CPU
		{DAF65FDB-D612-4D84-A326-D29D769A9154}.Release|Any CPU.Build.0 = Release|Any CPU
	EndGlobalSection
	GlobalSection(SolutionProperties) = preSolution
		HideSolutionNode = FALSE
	EndGlobalSection
	GlobalSection(ExtensibilityGlobals) = postSolution
		SolutionGuid = {06EA6032-27E6-406E-81B6-02223DE1FE7E}
	EndGlobalSection
EndGlobal
