
Microsoft Visual Studio Solution File, Format Version 12.00
# Visual Studio 15
VisualStudioVersion = 15.0.28010.2003
MinimumVisualStudioVersion = 10.0.40219.1
Project("{9A19103F-16F7-4668-BE54-9A1E7A4F7556}") = "NasaPhotoReader", "NasaPhotoReader\NasaPhotoReader.csproj", "{4767756D-4700-4B6F-90E1-234F13E1076D}"
EndProject
Project("{9A19103F-16F7-4668-BE54-9A1E7A4F7556}") = "NasaPhotos.Models", "NasaPhotos.Models\NasaPhotos.Models.csproj", "{877CFF7C-4F2C-41DB-8329-8A4835667BEE}"
EndProject
Project("{FAE04EC0-301F-11D3-BF4B-00C04F79EFBC}") = "NasaPictureDisplayer", "NasaPictureDisplayer\NasaPictureDisplayer.csproj", "{5A4EEA14-3407-4172-A2CC-3B78BA083C31}"
EndProject
Global
	GlobalSection(SolutionConfigurationPlatforms) = preSolution
		Debug|Any CPU = Debug|Any CPU
		Release|Any CPU = Release|Any CPU
	EndGlobalSection
	GlobalSection(ProjectConfigurationPlatforms) = postSolution
		{4767756D-4700-4B6F-90E1-234F13E1076D}.Debug|Any CPU.ActiveCfg = Debug|Any CPU
		{4767756D-4700-4B6F-90E1-234F13E1076D}.Debug|Any CPU.Build.0 = Debug|Any CPU
		{4767756D-4700-4B6F-90E1-234F13E1076D}.Release|Any CPU.ActiveCfg = Release|Any CPU
		{4767756D-4700-4B6F-90E1-234F13E1076D}.Release|Any CPU.Build.0 = Release|Any CPU
		{877CFF7C-4F2C-41DB-8329-8A4835667BEE}.Debug|Any CPU.ActiveCfg = Debug|Any CPU
		{877CFF7C-4F2C-41DB-8329-8A4835667BEE}.Debug|Any CPU.Build.0 = Debug|Any CPU
		{877CFF7C-4F2C-41DB-8329-8A4835667BEE}.Release|Any CPU.ActiveCfg = Release|Any CPU
		{877CFF7C-4F2C-41DB-8329-8A4835667BEE}.Release|Any CPU.Build.0 = Release|Any CPU
		{5A4EEA14-3407-4172-A2CC-3B78BA083C31}.Debug|Any CPU.ActiveCfg = Debug|Any CPU
		{5A4EEA14-3407-4172-A2CC-3B78BA083C31}.Debug|Any CPU.Build.0 = Debug|Any CPU
		{5A4EEA14-3407-4172-A2CC-3B78BA083C31}.Release|Any CPU.ActiveCfg = Release|Any CPU
		{5A4EEA14-3407-4172-A2CC-3B78BA083C31}.Release|Any CPU.Build.0 = Release|Any CPU
	EndGlobalSection
	GlobalSection(SolutionProperties) = preSolution
		HideSolutionNode = FALSE
	EndGlobalSection
	GlobalSection(ExtensibilityGlobals) = postSolution
		SolutionGuid = {06EA6032-27E6-406E-81B6-02223DE1FE7E}
	EndGlobalSection
EndGlobal
